PODS:
  - Charts (3.6.0):
    - Charts/Core (= 3.6.0)
  - Charts/Core (3.6.0)
  - Flutter (1.0.0)
  - flutter_st_ble_sensor (0.0.1):
    - Charts (~> 3.6.0)
    - Flutter
    - MBProgressHUD
    - opus-ios
  - MBProgressHUD (1.2.0)
  - opus-ios (1.1.3)

DEPENDENCIES:
  - Flutter (from `Flutter`)
  - flutter_st_ble_sensor (from `.symlinks/plugins/flutter_st_ble_sensor/ios`)

SPEC REPOS:
  trunk:
    - Charts
    - MBProgressHUD
    - opus-ios

EXTERNAL SOURCES:
  Flutter:
    :path: Flutter
  flutter_st_ble_sensor:
    :path: ".symlinks/plugins/flutter_st_ble_sensor/ios"

SPEC CHECKSUMS:
  Charts: b1e3a1f5a1c9ba5394438ca3b91bd8c9076310af
  Flutter: f04841e97a9d0b0a8025694d0796dd46242b2854
  flutter_st_ble_sensor: e71e5cc5a995b6632b31026cead92c804f45e741
  MBProgressHUD: 3ee5efcc380f6a79a7cc9b363dd669c5e1ae7406
  opus-ios: 22c5b7a5d37cdb661e73f6a65932dbf902d4214f

PODFILE CHECKSUM: ce13d36744da294d67f8e460dbb7aed7c09bd7f4

COCOAPODS: 1.12.1
